
Microsoft Visual Studio Solution File, Format Version 12.00
# Visual Studio Version 16
VisualStudioVersion = 16.0.31129.286
MinimumVisualStudioVersion = 10.0.40219.1
Project("{FAE04EC0-301F-11D3-BF4B-00C04F79EFBC}") = "DotNetNote.Apis", "DotNetNote.Apis\DotNetNote.Apis.csproj", "{2403DAFD-4FEF-4420-B2A8-3E9333403530}"
EndProject
Global
	GlobalSection(SolutionConfigurationPlatforms) = preSolution
		Debug|Any CPU = Debug|Any CPU
		Release|Any CPU = Release|Any CPU
	EndGlobalSection
	GlobalSection(ProjectConfigurationPlatforms) = postSolution
		{2403DAFD-4FEF-4420-B2A8-3E9333403530}.Debug|Any CPU.ActiveCfg = Debug|Any CPU
		{2403DAFD-4FEF-4420-B2A8-3E9333403530}.Debug|Any CPU.Build.0 = Debug|Any CPU
		{2403DAFD-4FEF-4420-B2A8-3E9333403530}.Release|Any CPU.ActiveCfg = Release|Any CPU
		{2403DAFD-4FEF-4420-B2A8-3E9333403530}.Release|Any CPU.Build.0 = Release|Any CPU
	EndGlobalSection
	GlobalSection(SolutionProperties) = preSolution
		HideSolutionNode = FALSE
	EndGlobalSection
	GlobalSection(ExtensibilityGlobals) = postSolution
		SolutionGuid = {744FCD4D-1D8E-442D-9E4C-C29188538AB5}
	EndGlobalSection
EndGlobal
