
Microsoft Visual Studio Solution File, Format Version 12.00
# Visual Studio Version 16
VisualStudioVersion = 16.0.31129.286
MinimumVisualStudioVersion = 10.0.40219.1
Project("{9A19103F-16F7-4668-BE54-9A1E7A4F7556}") = "DotNetNote.Apis", "DotNetNote.Apis\DotNetNote.Apis.csproj", "{2403DAFD-4FEF-4420-B2A8-3E9333403530}"
EndProject
Project("{00D1A9C2-B5F0-4AF3-8072-F6C62B433612}") = "DotNetNote.Database", "DotNetNote.Database\DotNetNote.Database.sqlproj", "{88155DCC-E27B-4E21-83C6-C7100A44B562}"
EndProject
Global
	GlobalSection(SolutionConfigurationPlatforms) = preSolution
		Debug|Any CPU = Debug|Any CPU
		Release|Any CPU = Release|Any CPU
	EndGlobalSection
	GlobalSection(ProjectConfigurationPlatforms) = postSolution
		{2403DAFD-4FEF-4420-B2A8-3E9333403530}.Debug|Any CPU.ActiveCfg = Debug|Any CPU
		{2403DAFD-4FEF-4420-B2A8-3E9333403530}.Debug|Any CPU.Build.0 = Debug|Any CPU
		{2403DAFD-4FEF-4420-B2A8-3E9333403530}.Release|Any CPU.ActiveCfg = Release|Any CPU
		{2403DAFD-4FEF-4420-B2A8-3E9333403530}.Release|Any CPU.Build.0 = Release|Any CPU
		{88155DCC-E27B-4E21-83C6-C7100A44B562}.Debug|Any CPU.ActiveCfg = Debug|Any CPU
		{88155DCC-E27B-4E21-83C6-C7100A44B562}.Debug|Any CPU.Build.0 = Debug|Any CPU
		{88155DCC-E27B-4E21-83C6-C7100A44B562}.Debug|Any CPU.Deploy.0 = Debug|Any CPU
		{88155DCC-E27B-4E21-83C6-C7100A44B562}.Release|Any CPU.ActiveCfg = Release|Any CPU
		{88155DCC-E27B-4E21-83C6-C7100A44B562}.Release|Any CPU.Build.0 = Release|Any CPU
		{88155DCC-E27B-4E21-83C6-C7100A44B562}.Release|Any CPU.Deploy.0 = Release|Any CPU
	EndGlobalSection
	GlobalSection(SolutionProperties) = preSolution
		HideSolutionNode = FALSE
	EndGlobalSection
	GlobalSection(ExtensibilityGlobals) = postSolution
		SolutionGuid = {744FCD4D-1D8E-442D-9E4C-C29188538AB5}
	EndGlobalSection
EndGlobal
